
Microsoft Visual Studio Solution File, Format Version 12.00
# Visual Studio Version 17
VisualStudioVersion = 17.0.31903.59
MinimumVisualStudioVersion = 10.0.40219.1
Project("{FAE04EC0-301F-11D3-BF4B-00C04F79EFBC}") = "Scraper", "Scraper\Scraper.csproj", "{64006F94-7221-4A30-BA4E-78F7234022F5}"
EndProject
Project("{FAE04EC0-301F-11D3-BF4B-00C04F79EFBC}") = "WebApp", "WebApp\WebApp.csproj", "{0C575636-DA47-4F7B-A507-CC886C77C6DD}"
EndProject
Project("{FAE04EC0-301F-11D3-BF4B-00C04F79EFBC}") = "Shared", "Shared\Shared.csproj", "{E9D0C06D-E5EB-4C7A-812B-BE4445DEF13F}"
EndProject
Global
	GlobalSection(SolutionConfigurationPlatforms) = preSolution
		Debug|Any CPU = Debug|Any CPU
		Release|Any CPU = Release|Any CPU
	EndGlobalSection
	GlobalSection(SolutionProperties) = preSolution
		HideSolutionNode = FALSE
	EndGlobalSection
	GlobalSection(ProjectConfigurationPlatforms) = postSolution
		{64006F94-7221-4A30-BA4E-78F7234022F5}.Debug|Any CPU.ActiveCfg = Debug|Any CPU
		{64006F94-7221-4A30-BA4E-78F7234022F5}.Debug|Any CPU.Build.0 = Debug|Any CPU
		{64006F94-7221-4A30-BA4E-78F7234022F5}.Release|Any CPU.ActiveCfg = Release|Any CPU
		{64006F94-7221-4A30-BA4E-78F7234022F5}.Release|Any CPU.Build.0 = Release|Any CPU
		{0C575636-DA47-4F7B-A507-CC886C77C6DD}.Debug|Any CPU.ActiveCfg = Debug|Any CPU
		{0C575636-DA47-4F7B-A507-CC886C77C6DD}.Debug|Any CPU.Build.0 = Debug|Any CPU
		{0C575636-DA47-4F7B-A507-CC886C77C6DD}.Release|Any CPU.ActiveCfg = Release|Any CPU
		{0C575636-DA47-4F7B-A507-CC886C77C6DD}.Release|Any CPU.Build.0 = Release|Any CPU
		{E9D0C06D-E5EB-4C7A-812B-BE4445DEF13F}.Debug|Any CPU.ActiveCfg = Debug|Any CPU
		{E9D0C06D-E5EB-4C7A-812B-BE4445DEF13F}.Debug|Any CPU.Build.0 = Debug|Any CPU
		{E9D0C06D-E5EB-4C7A-812B-BE4445DEF13F}.Release|Any CPU.ActiveCfg = Release|Any CPU
		{E9D0C06D-E5EB-4C7A-812B-BE4445DEF13F}.Release|Any CPU.Build.0 = Release|Any CPU
	EndGlobalSection
EndGlobal
